// !$*UTF8*$!
{
	archiveVersion = 1;
	classes = {
	};
	objectVersion = 50;
	objects = {

/* Begin PBXBuildFile section */
		241B65B6253D695F002F3649 /* ExchangeViewController.swift in Sources */ = {isa = PBXBuildFile; fileRef = 241B65B5253D695F002F3649 /* ExchangeViewController.swift */; };
		241B65B8253D6983002F3649 /* TranslateViewController.swift in Sources */ = {isa = PBXBuildFile; fileRef = 241B65B7253D6983002F3649 /* TranslateViewController.swift */; };
		241B65BA253D6994002F3649 /* WeatherViewController.swift in Sources */ = {isa = PBXBuildFile; fileRef = 241B65B9253D6994002F3649 /* WeatherViewController.swift */; };
		241B65BC253ECA86002F3649 /* Languages.swift in Sources */ = {isa = PBXBuildFile; fileRef = 241B65BB253ECA86002F3649 /* Languages.swift */; };
		241B65BF253ED295002F3649 /* APIKeys.swift in Sources */ = {isa = PBXBuildFile; fileRef = 241B65BE253ED295002F3649 /* APIKeys.swift */; };
		241B65C1253EF86D002F3649 /* Translate.swift in Sources */ = {isa = PBXBuildFile; fileRef = 241B65C0253EF86D002F3649 /* Translate.swift */; };
		241B65C3253EFE0A002F3649 /* TranslateService.swift in Sources */ = {isa = PBXBuildFile; fileRef = 241B65C2253EFE0A002F3649 /* TranslateService.swift */; };
		241B65C5253EFFA5002F3649 /* ServicesURLs.swift in Sources */ = {isa = PBXBuildFile; fileRef = 241B65C4253EFFA5002F3649 /* ServicesURLs.swift */; };
		2452A9E7253C0F4A00ECD159 /* AppDelegate.swift in Sources */ = {isa = PBXBuildFile; fileRef = 2452A9E6253C0F4A00ECD159 /* AppDelegate.swift */; };
		2452A9EE253C0F4A00ECD159 /* Main.storyboard in Resources */ = {isa = PBXBuildFile; fileRef = 2452A9EC253C0F4A00ECD159 /* Main.storyboard */; };
		2452A9F0253C0F4B00ECD159 /* Assets.xcassets in Resources */ = {isa = PBXBuildFile; fileRef = 2452A9EF253C0F4B00ECD159 /* Assets.xcassets */; };
		2452AA0A253C10DF00ECD159 /* LaunchScreen.storyboard in Resources */ = {isa = PBXBuildFile; fileRef = 2452AA09253C10DF00ECD159 /* LaunchScreen.storyboard */; };
		24EB39D625400DF100D4A8C5 /* googleTranslate.json in Resources */ = {isa = PBXBuildFile; fileRef = 24EB39D525400DF100D4A8C5 /* googleTranslate.json */; };
		24EB39D825400F6000D4A8C5 /* FakeResponseData.swift in Sources */ = {isa = PBXBuildFile; fileRef = 24EB39D725400F6000D4A8C5 /* FakeResponseData.swift */; };
		24EB39DA2540143700D4A8C5 /* URLSessionFake.swift in Sources */ = {isa = PBXBuildFile; fileRef = 24EB39D92540143700D4A8C5 /* URLSessionFake.swift */; };
		24EB39DC2540194B00D4A8C5 /* TranslateServiceTestCase.swift in Sources */ = {isa = PBXBuildFile; fileRef = 24EB39DB2540194B00D4A8C5 /* TranslateServiceTestCase.swift */; };
		24EB39E12540531C00D4A8C5 /* fixerExchangeRate.json in Resources */ = {isa = PBXBuildFile; fileRef = 24EB39E02540531C00D4A8C5 /* fixerExchangeRate.json */; };
		24EB39E62540756900D4A8C5 /* openWeather.json in Resources */ = {isa = PBXBuildFile; fileRef = 24EB39E52540756900D4A8C5 /* openWeather.json */; };
		24EB39E82540769900D4A8C5 /* WeatherService.swift in Sources */ = {isa = PBXBuildFile; fileRef = 24EB39E72540769900D4A8C5 /* WeatherService.swift */; };
		24EB39EC2540789100D4A8C5 /* Cities.swift in Sources */ = {isa = PBXBuildFile; fileRef = 24EB39EB2540789100D4A8C5 /* Cities.swift */; };
		24EB39EE2540794700D4A8C5 /* Weather.swift in Sources */ = {isa = PBXBuildFile; fileRef = 24EB39ED2540794700D4A8C5 /* Weather.swift */; };
		24EB39F125407FC200D4A8C5 /* SVProgressHUD+Extensions.swift in Sources */ = {isa = PBXBuildFile; fileRef = 24EB39F025407FC200D4A8C5 /* SVProgressHUD+Extensions.swift */; };
		24EB39F32540810000D4A8C5 /* UIViewController+Extensions.swift in Sources */ = {isa = PBXBuildFile; fileRef = 24EB39F22540810000D4A8C5 /* UIViewController+Extensions.swift */; };
		24EB39F525408BA400D4A8C5 /* WeatherServiceTestCase.swift in Sources */ = {isa = PBXBuildFile; fileRef = 24EB39F425408BA400D4A8C5 /* WeatherServiceTestCase.swift */; };
		24EB39F72540BFCC00D4A8C5 /* String+Extensions.swift in Sources */ = {isa = PBXBuildFile; fileRef = 24EB39F62540BFCC00D4A8C5 /* String+Extensions.swift */; };
		762EEDCB82E7DF52719A1160 /* Pods_LeBaluchon.framework in Frameworks */ = {isa = PBXBuildFile; fileRef = A296FCB3630FDFCB2BC31106 /* Pods_LeBaluchon.framework */; };
/* End PBXBuildFile section */

/* Begin PBXContainerItemProxy section */
		2452A9FA253C0F4B00ECD159 /* PBXContainerItemProxy */ = {
			isa = PBXContainerItemProxy;
			containerPortal = 2452A9DB253C0F4A00ECD159 /* Project object */;
			proxyType = 1;
			remoteGlobalIDString = 2452A9E2253C0F4A00ECD159;
			remoteInfo = "Le Baluchon";
		};
/* End PBXContainerItemProxy section */

/* Begin PBXFileReference section */
		11B559FDFBE78CEE4A91CF41 /* Pods-LeBaluchon.debug.xcconfig */ = {isa = PBXFileReference; includeInIndex = 1; lastKnownFileType = text.xcconfig; name = "Pods-LeBaluchon.debug.xcconfig"; path = "Pods/Target Support Files/Pods-LeBaluchon/Pods-LeBaluchon.debug.xcconfig"; sourceTree = "<group>"; };
		241B65B5253D695F002F3649 /* ExchangeViewController.swift */ = {isa = PBXFileReference; lastKnownFileType = sourcecode.swift; path = ExchangeViewController.swift; sourceTree = "<group>"; };
		241B65B7253D6983002F3649 /* TranslateViewController.swift */ = {isa = PBXFileReference; lastKnownFileType = sourcecode.swift; path = TranslateViewController.swift; sourceTree = "<group>"; };
		241B65B9253D6994002F3649 /* WeatherViewController.swift */ = {isa = PBXFileReference; lastKnownFileType = sourcecode.swift; path = WeatherViewController.swift; sourceTree = "<group>"; };
		241B65BB253ECA86002F3649 /* Languages.swift */ = {isa = PBXFileReference; lastKnownFileType = sourcecode.swift; path = Languages.swift; sourceTree = "<group>"; };
		241B65BE253ED295002F3649 /* APIKeys.swift */ = {isa = PBXFileReference; lastKnownFileType = sourcecode.swift; path = APIKeys.swift; sourceTree = "<group>"; };
		241B65C0253EF86D002F3649 /* Translate.swift */ = {isa = PBXFileReference; lastKnownFileType = sourcecode.swift; path = Translate.swift; sourceTree = "<group>"; };
		241B65C2253EFE0A002F3649 /* TranslateService.swift */ = {isa = PBXFileReference; lastKnownFileType = sourcecode.swift; path = TranslateService.swift; sourceTree = "<group>"; };
		241B65C4253EFFA5002F3649 /* ServicesURLs.swift */ = {isa = PBXFileReference; lastKnownFileType = sourcecode.swift; path = ServicesURLs.swift; sourceTree = "<group>"; };
		2452A9E3253C0F4A00ECD159 /* LeBaluchon.app */ = {isa = PBXFileReference; explicitFileType = wrapper.application; includeInIndex = 0; path = LeBaluchon.app; sourceTree = BUILT_PRODUCTS_DIR; };
		2452A9E6253C0F4A00ECD159 /* AppDelegate.swift */ = {isa = PBXFileReference; lastKnownFileType = sourcecode.swift; name = AppDelegate.swift; path = ../AppDelegate.swift; sourceTree = "<group>"; };
		2452A9ED253C0F4A00ECD159 /* Base */ = {isa = PBXFileReference; lastKnownFileType = file.storyboard; name = Base; path = Base.lproj/Main.storyboard; sourceTree = "<group>"; };
		2452A9EF253C0F4B00ECD159 /* Assets.xcassets */ = {isa = PBXFileReference; lastKnownFileType = folder.assetcatalog; path = Assets.xcassets; sourceTree = "<group>"; };
		2452A9F4253C0F4B00ECD159 /* Info.plist */ = {isa = PBXFileReference; lastKnownFileType = text.plist.xml; name = Info.plist; path = ../Info.plist; sourceTree = "<group>"; };
		2452A9F9253C0F4B00ECD159 /* LeBaluchonTests.xctest */ = {isa = PBXFileReference; explicitFileType = wrapper.cfbundle; includeInIndex = 0; path = LeBaluchonTests.xctest; sourceTree = BUILT_PRODUCTS_DIR; };
		2452A9FF253C0F4B00ECD159 /* Info.plist */ = {isa = PBXFileReference; lastKnownFileType = text.plist.xml; path = Info.plist; sourceTree = "<group>"; };
		2452AA09253C10DF00ECD159 /* LaunchScreen.storyboard */ = {isa = PBXFileReference; lastKnownFileType = file.storyboard; path = LaunchScreen.storyboard; sourceTree = "<group>"; };
		24EB39D32540067B00D4A8C5 /* BridgingHeader.h */ = {isa = PBXFileReference; lastKnownFileType = sourcecode.c.h; path = BridgingHeader.h; sourceTree = "<group>"; };
		24EB39D525400DF100D4A8C5 /* googleTranslate.json */ = {isa = PBXFileReference; fileEncoding = 4; lastKnownFileType = text.json; path = googleTranslate.json; sourceTree = "<group>"; };
		24EB39D725400F6000D4A8C5 /* FakeResponseData.swift */ = {isa = PBXFileReference; lastKnownFileType = sourcecode.swift; path = FakeResponseData.swift; sourceTree = "<group>"; };
		24EB39D92540143700D4A8C5 /* URLSessionFake.swift */ = {isa = PBXFileReference; lastKnownFileType = sourcecode.swift; path = URLSessionFake.swift; sourceTree = "<group>"; };
		24EB39DB2540194B00D4A8C5 /* TranslateServiceTestCase.swift */ = {isa = PBXFileReference; lastKnownFileType = sourcecode.swift; path = TranslateServiceTestCase.swift; sourceTree = "<group>"; };
		24EB39E02540531C00D4A8C5 /* fixerExchangeRate.json */ = {isa = PBXFileReference; fileEncoding = 4; lastKnownFileType = text.json; path = fixerExchangeRate.json; sourceTree = "<group>"; };
		24EB39E52540756900D4A8C5 /* openWeather.json */ = {isa = PBXFileReference; fileEncoding = 4; lastKnownFileType = text.json; path = openWeather.json; sourceTree = "<group>"; };
		24EB39E72540769900D4A8C5 /* WeatherService.swift */ = {isa = PBXFileReference; fileEncoding = 4; lastKnownFileType = sourcecode.swift; path = WeatherService.swift; sourceTree = "<group>"; };
		24EB39EB2540789100D4A8C5 /* Cities.swift */ = {isa = PBXFileReference; fileEncoding = 4; lastKnownFileType = sourcecode.swift; name = Cities.swift; path = LeBaluchon/Model/Weather/Cities.swift; sourceTree = SOURCE_ROOT; };
		24EB39ED2540794700D4A8C5 /* Weather.swift */ = {isa = PBXFileReference; fileEncoding = 4; lastKnownFileType = sourcecode.swift; name = Weather.swift; path = LeBaluchon/Model/Weather/Weather.swift; sourceTree = SOURCE_ROOT; };
		24EB39F025407FC200D4A8C5 /* SVProgressHUD+Extensions.swift */ = {isa = PBXFileReference; lastKnownFileType = sourcecode.swift; path = "SVProgressHUD+Extensions.swift"; sourceTree = "<group>"; };
		24EB39F22540810000D4A8C5 /* UIViewController+Extensions.swift */ = {isa = PBXFileReference; lastKnownFileType = sourcecode.swift; path = "UIViewController+Extensions.swift"; sourceTree = "<group>"; };
		24EB39F425408BA400D4A8C5 /* WeatherServiceTestCase.swift */ = {isa = PBXFileReference; fileEncoding = 4; lastKnownFileType = sourcecode.swift; name = WeatherServiceTestCase.swift; path = LeBaluchonTests/OpenWeather/WeatherServiceTestCase.swift; sourceTree = SOURCE_ROOT; };
		24EB39F62540BFCC00D4A8C5 /* String+Extensions.swift */ = {isa = PBXFileReference; lastKnownFileType = sourcecode.swift; path = "String+Extensions.swift"; sourceTree = "<group>"; };
		27EC37823D677B069E0BC0C9 /* Pods-LeBaluchon.debug.xcconfig */ = {isa = PBXFileReference; includeInIndex = 1; lastKnownFileType = text.xcconfig; name = "Pods-LeBaluchon.debug.xcconfig"; path = "Pods/Target Support Files/Pods-LeBaluchon/Pods-LeBaluchon.debug.xcconfig"; sourceTree = "<group>"; };
		381B7494C8A93B366A928936 /* Pods-LeBaluchon.release.xcconfig */ = {isa = PBXFileReference; includeInIndex = 1; lastKnownFileType = text.xcconfig; name = "Pods-LeBaluchon.release.xcconfig"; path = "Pods/Target Support Files/Pods-LeBaluchon/Pods-LeBaluchon.release.xcconfig"; sourceTree = "<group>"; };
		A296FCB3630FDFCB2BC31106 /* Pods_LeBaluchon.framework */ = {isa = PBXFileReference; explicitFileType = wrapper.framework; includeInIndex = 0; path = Pods_LeBaluchon.framework; sourceTree = BUILT_PRODUCTS_DIR; };
		F804CF20A6BF7D44682DC34E /* Pods-LeBaluchon.release.xcconfig */ = {isa = PBXFileReference; includeInIndex = 1; lastKnownFileType = text.xcconfig; name = "Pods-LeBaluchon.release.xcconfig"; path = "Pods/Target Support Files/Pods-LeBaluchon/Pods-LeBaluchon.release.xcconfig"; sourceTree = "<group>"; };
/* End PBXFileReference section */

/* Begin PBXFrameworksBuildPhase section */
		2452A9E0253C0F4A00ECD159 /* Frameworks */ = {
			isa = PBXFrameworksBuildPhase;
			buildActionMask = 2147483647;
			files = (
				762EEDCB82E7DF52719A1160 /* Pods_LeBaluchon.framework in Frameworks */,
			);
			runOnlyForDeploymentPostprocessing = 0;
		};
		2452A9F6253C0F4B00ECD159 /* Frameworks */ = {
			isa = PBXFrameworksBuildPhase;
			buildActionMask = 2147483647;
			files = (
			);
			runOnlyForDeploymentPostprocessing = 0;
		};
/* End PBXFrameworksBuildPhase section */

/* Begin PBXGroup section */
		0C7AD4F65B28EA49F37A4164 /* Frameworks */ = {
			isa = PBXGroup;
			children = (
				A296FCB3630FDFCB2BC31106 /* Pods_LeBaluchon.framework */,
			);
			name = Frameworks;
			sourceTree = "<group>";
		};
		241B65B4253D692A002F3649 /* Controller */ = {
			isa = PBXGroup;
			children = (
				241B65B5253D695F002F3649 /* ExchangeViewController.swift */,
				241B65B7253D6983002F3649 /* TranslateViewController.swift */,
				241B65B9253D6994002F3649 /* WeatherViewController.swift */,
			);
			path = Controller;
			sourceTree = "<group>";
		};
		241B65BD253ECA8D002F3649 /* Model */ = {
			isa = PBXGroup;
			children = (
				24EB39E92540785800D4A8C5 /* Translate */,
				24EB39EA2540786700D4A8C5 /* Weather */,
				241B65C4253EFFA5002F3649 /* ServicesURLs.swift */,
			);
			path = Model;
			sourceTree = "<group>";
		};
		2452A9DA253C0F4A00ECD159 = {
			isa = PBXGroup;
			children = (
				2452A9E5253C0F4A00ECD159 /* LeBaluchon */,
				2452A9FC253C0F4B00ECD159 /* LeBaluchonTests */,
				2452A9E4253C0F4A00ECD159 /* Products */,
				B54528B3074AABCB12F588C4 /* Pods */,
				0C7AD4F65B28EA49F37A4164 /* Frameworks */,
			);
			sourceTree = "<group>";
		};
		2452A9E4253C0F4A00ECD159 /* Products */ = {
			isa = PBXGroup;
			children = (
				2452A9E3253C0F4A00ECD159 /* LeBaluchon.app */,
				2452A9F9253C0F4B00ECD159 /* LeBaluchonTests.xctest */,
			);
			name = Products;
			sourceTree = "<group>";
		};
		2452A9E5253C0F4A00ECD159 /* LeBaluchon */ = {
			isa = PBXGroup;
			children = (
				24EB39EF25407F9D00D4A8C5 /* Extensions */,
				241B65BD253ECA8D002F3649 /* Model */,
				24A9BA32253D661D00D524AC /* View */,
				241B65B4253D692A002F3649 /* Controller */,
				2452AA08253C107C00ECD159 /* Supporting Files */,
			);
			path = LeBaluchon;
			sourceTree = "<group>";
		};
		2452A9FC253C0F4B00ECD159 /* LeBaluchonTests */ = {
			isa = PBXGroup;
			children = (
				2452A9FF253C0F4B00ECD159 /* Info.plist */,
				24EB39D725400F6000D4A8C5 /* FakeResponseData.swift */,
				24EB39D92540143700D4A8C5 /* URLSessionFake.swift */,
				24EB39DE254052EC00D4A8C5 /* FixerExchangeRate */,
				24EB39DD2540526900D4A8C5 /* GoogleTranslate */,
				24EB39E42540755700D4A8C5 /* OpenWeather */,
			);
			path = LeBaluchonTests;
			sourceTree = "<group>";
		};
		2452AA08253C107C00ECD159 /* Supporting Files */ = {
			isa = PBXGroup;
			children = (
				2452A9E6253C0F4A00ECD159 /* AppDelegate.swift */,
				2452A9EF253C0F4B00ECD159 /* Assets.xcassets */,
				2452AA09253C10DF00ECD159 /* LaunchScreen.storyboard */,
				2452A9F4253C0F4B00ECD159 /* Info.plist */,
				241B65BE253ED295002F3649 /* APIKeys.swift */,
				24EB39D32540067B00D4A8C5 /* BridgingHeader.h */,
			);
			path = "Supporting Files";
			sourceTree = "<group>";
		};
		24A9BA32253D661D00D524AC /* View */ = {
			isa = PBXGroup;
			children = (
				2452A9EC253C0F4A00ECD159 /* Main.storyboard */,
			);
			path = View;
			sourceTree = "<group>";
		};
		24EB39DD2540526900D4A8C5 /* GoogleTranslate */ = {
			isa = PBXGroup;
			children = (
				24EB39DB2540194B00D4A8C5 /* TranslateServiceTestCase.swift */,
				24EB39D525400DF100D4A8C5 /* googleTranslate.json */,
			);
			path = GoogleTranslate;
			sourceTree = "<group>";
		};
		24EB39DE254052EC00D4A8C5 /* FixerExchangeRate */ = {
			isa = PBXGroup;
			children = (
				24EB39E02540531C00D4A8C5 /* fixerExchangeRate.json */,
			);
			path = FixerExchangeRate;
			sourceTree = "<group>";
		};
		24EB39E42540755700D4A8C5 /* OpenWeather */ = {
			isa = PBXGroup;
			children = (
				24EB39F425408BA400D4A8C5 /* WeatherServiceTestCase.swift */,
				24EB39E52540756900D4A8C5 /* openWeather.json */,
			);
			path = OpenWeather;
			sourceTree = "<group>";
		};
		24EB39E92540785800D4A8C5 /* Translate */ = {
			isa = PBXGroup;
			children = (
				241B65BB253ECA86002F3649 /* Languages.swift */,
				241B65C0253EF86D002F3649 /* Translate.swift */,
				241B65C2253EFE0A002F3649 /* TranslateService.swift */,
			);
			path = Translate;
			sourceTree = "<group>";
		};
		24EB39EA2540786700D4A8C5 /* Weather */ = {
			isa = PBXGroup;
			children = (
				24EB39EB2540789100D4A8C5 /* Cities.swift */,
				24EB39ED2540794700D4A8C5 /* Weather.swift */,
				24EB39E72540769900D4A8C5 /* WeatherService.swift */,
			);
			path = Weather;
			sourceTree = "<group>";
		};
		24EB39EF25407F9D00D4A8C5 /* Extensions */ = {
			isa = PBXGroup;
			children = (
				24EB39F025407FC200D4A8C5 /* SVProgressHUD+Extensions.swift */,
				24EB39F22540810000D4A8C5 /* UIViewController+Extensions.swift */,
				24EB39F62540BFCC00D4A8C5 /* String+Extensions.swift */,
			);
			path = Extensions;
			sourceTree = "<group>";
		};
		B54528B3074AABCB12F588C4 /* Pods */ = {
			isa = PBXGroup;
			children = (
				11B559FDFBE78CEE4A91CF41 /* Pods-LeBaluchon.debug.xcconfig */,
				F804CF20A6BF7D44682DC34E /* Pods-LeBaluchon.release.xcconfig */,
				27EC37823D677B069E0BC0C9 /* Pods-LeBaluchon.debug.xcconfig */,
				381B7494C8A93B366A928936 /* Pods-LeBaluchon.release.xcconfig */,
			);
			name = Pods;
			sourceTree = "<group>";
		};
/* End PBXGroup section */

/* Begin PBXNativeTarget section */
		2452A9E2253C0F4A00ECD159 /* LeBaluchon */ = {
			isa = PBXNativeTarget;
			buildConfigurationList = 2452AA02253C0F4B00ECD159 /* Build configuration list for PBXNativeTarget "LeBaluchon" */;
			buildPhases = (
				1667427ADC84D89A70C29D9B /* [CP] Check Pods Manifest.lock */,
				2452A9DF253C0F4A00ECD159 /* Sources */,
				2452A9E0253C0F4A00ECD159 /* Frameworks */,
				2452A9E1253C0F4A00ECD159 /* Resources */,
				2452AA0B253D620700ECD159 /* ShellScript */,
				36837C6964C12C332D3D964F /* [CP] Embed Pods Frameworks */,
			);
			buildRules = (
			);
			dependencies = (
			);
			name = LeBaluchon;
			productName = "Le Baluchon";
			productReference = 2452A9E3253C0F4A00ECD159 /* LeBaluchon.app */;
			productType = "com.apple.product-type.application";
		};
		2452A9F8253C0F4B00ECD159 /* LeBaluchonTests */ = {
			isa = PBXNativeTarget;
			buildConfigurationList = 2452AA05253C0F4B00ECD159 /* Build configuration list for PBXNativeTarget "LeBaluchonTests" */;
			buildPhases = (
				2452A9F5253C0F4B00ECD159 /* Sources */,
				2452A9F6253C0F4B00ECD159 /* Frameworks */,
				2452A9F7253C0F4B00ECD159 /* Resources */,
			);
			buildRules = (
			);
			dependencies = (
				2452A9FB253C0F4B00ECD159 /* PBXTargetDependency */,
			);
			name = LeBaluchonTests;
			productName = "Le BaluchonTests";
			productReference = 2452A9F9253C0F4B00ECD159 /* LeBaluchonTests.xctest */;
			productType = "com.apple.product-type.bundle.unit-test";
		};
/* End PBXNativeTarget section */

/* Begin PBXProject section */
		2452A9DB253C0F4A00ECD159 /* Project object */ = {
			isa = PBXProject;
			attributes = {
				LastSwiftUpdateCheck = 1160;
				LastUpgradeCheck = 1160;
				ORGANIZATIONNAME = Sajid;
				TargetAttributes = {
					2452A9E2253C0F4A00ECD159 = {
						CreatedOnToolsVersion = 11.6;
					};
					2452A9F8253C0F4B00ECD159 = {
						CreatedOnToolsVersion = 11.6;
						LastSwiftMigration = 1160;
						TestTargetID = 2452A9E2253C0F4A00ECD159;
					};
				};
			};
			buildConfigurationList = 2452A9DE253C0F4A00ECD159 /* Build configuration list for PBXProject "LeBaluchon" */;
			compatibilityVersion = "Xcode 9.3";
			developmentRegion = en;
			hasScannedForEncodings = 0;
			knownRegions = (
				en,
				Base,
			);
			mainGroup = 2452A9DA253C0F4A00ECD159;
			productRefGroup = 2452A9E4253C0F4A00ECD159 /* Products */;
			projectDirPath = "";
			projectRoot = "";
			targets = (
				2452A9E2253C0F4A00ECD159 /* LeBaluchon */,
				2452A9F8253C0F4B00ECD159 /* LeBaluchonTests */,
			);
		};
/* End PBXProject section */

/* Begin PBXResourcesBuildPhase section */
		2452A9E1253C0F4A00ECD159 /* Resources */ = {
			isa = PBXResourcesBuildPhase;
			buildActionMask = 2147483647;
			files = (
				2452AA0A253C10DF00ECD159 /* LaunchScreen.storyboard in Resources */,
				2452A9F0253C0F4B00ECD159 /* Assets.xcassets in Resources */,
				2452A9EE253C0F4A00ECD159 /* Main.storyboard in Resources */,
			);
			runOnlyForDeploymentPostprocessing = 0;
		};
		2452A9F7253C0F4B00ECD159 /* Resources */ = {
			isa = PBXResourcesBuildPhase;
			buildActionMask = 2147483647;
			files = (
				24EB39D625400DF100D4A8C5 /* googleTranslate.json in Resources */,
				24EB39E12540531C00D4A8C5 /* fixerExchangeRate.json in Resources */,
				24EB39E62540756900D4A8C5 /* openWeather.json in Resources */,
			);
			runOnlyForDeploymentPostprocessing = 0;
		};
/* End PBXResourcesBuildPhase section */

/* Begin PBXShellScriptBuildPhase section */
		1667427ADC84D89A70C29D9B /* [CP] Check Pods Manifest.lock */ = {
			isa = PBXShellScriptBuildPhase;
			buildActionMask = 2147483647;
			files = (
			);
			inputFileListPaths = (
			);
			inputPaths = (
				"${PODS_PODFILE_DIR_PATH}/Podfile.lock",
				"${PODS_ROOT}/Manifest.lock",
			);
			name = "[CP] Check Pods Manifest.lock";
			outputFileListPaths = (
			);
			outputPaths = (
				"$(DERIVED_FILE_DIR)/Pods-LeBaluchon-checkManifestLockResult.txt",
			);
			runOnlyForDeploymentPostprocessing = 0;
			shellPath = /bin/sh;
			shellScript = "diff \"${PODS_PODFILE_DIR_PATH}/Podfile.lock\" \"${PODS_ROOT}/Manifest.lock\" > /dev/null\nif [ $? != 0 ] ; then\n    # print error to STDERR\n    echo \"error: The sandbox is not in sync with the Podfile.lock. Run 'pod install' or update your CocoaPods installation.\" >&2\n    exit 1\nfi\n# This output is used by Xcode 'outputs' to avoid re-running this script phase.\necho \"SUCCESS\" > \"${SCRIPT_OUTPUT_FILE_0}\"\n";
			showEnvVarsInLog = 0;
		};
		2452AA0B253D620700ECD159 /* ShellScript */ = {
			isa = PBXShellScriptBuildPhase;
			buildActionMask = 2147483647;
			files = (
			);
			inputFileListPaths = (
			);
			inputPaths = (
			);
			outputFileListPaths = (
			);
			outputPaths = (
			);
			runOnlyForDeploymentPostprocessing = 0;
			shellPath = /bin/sh;
			shellScript = "if which swiftlint >/dev/null; then\n  swiftlint\nelse\n  echo \"warning: SwiftLint not installed, download from https://github.com/realm/SwiftLint\"\nfi\n";
		};
		36837C6964C12C332D3D964F /* [CP] Embed Pods Frameworks */ = {
			isa = PBXShellScriptBuildPhase;
			buildActionMask = 2147483647;
			files = (
			);
			inputFileListPaths = (
			);
			inputPaths = (
				"${SRCROOT}/Pods/Target Support Files/Pods-LeBaluchon/Pods-LeBaluchon-frameworks.sh",
				"${BUILT_PRODUCTS_DIR}/SVProgressHUD/SVProgressHUD.framework",
			);
			name = "[CP] Embed Pods Frameworks";
			outputFileListPaths = (
			);
			outputPaths = (
				"${TARGET_BUILD_DIR}/${FRAMEWORKS_FOLDER_PATH}/SVProgressHUD.framework",
			);
			runOnlyForDeploymentPostprocessing = 0;
			shellPath = /bin/sh;
			shellScript = "\"${SRCROOT}/Pods/Target Support Files/Pods-LeBaluchon/Pods-LeBaluchon-frameworks.sh\"\n";
			showEnvVarsInLog = 0;
		};
/* End PBXShellScriptBuildPhase section */

/* Begin PBXSourcesBuildPhase section */
		2452A9DF253C0F4A00ECD159 /* Sources */ = {
			isa = PBXSourcesBuildPhase;
			buildActionMask = 2147483647;
			files = (
				24EB39E82540769900D4A8C5 /* WeatherService.swift in Sources */,
				241B65C3253EFE0A002F3649 /* TranslateService.swift in Sources */,
				241B65BF253ED295002F3649 /* APIKeys.swift in Sources */,
				241B65BA253D6994002F3649 /* WeatherViewController.swift in Sources */,
				24EB39EE2540794700D4A8C5 /* Weather.swift in Sources */,
				241B65B8253D6983002F3649 /* TranslateViewController.swift in Sources */,
				241B65C1253EF86D002F3649 /* Translate.swift in Sources */,
				24EB39EC2540789100D4A8C5 /* Cities.swift in Sources */,
				24EB39F125407FC200D4A8C5 /* SVProgressHUD+Extensions.swift in Sources */,
				241B65C5253EFFA5002F3649 /* ServicesURLs.swift in Sources */,
				24EB39F72540BFCC00D4A8C5 /* String+Extensions.swift in Sources */,
				24EB39F32540810000D4A8C5 /* UIViewController+Extensions.swift in Sources */,
				241B65B6253D695F002F3649 /* ExchangeViewController.swift in Sources */,
				2452A9E7253C0F4A00ECD159 /* AppDelegate.swift in Sources */,
				241B65BC253ECA86002F3649 /* Languages.swift in Sources */,
			);
			runOnlyForDeploymentPostprocessing = 0;
		};
		2452A9F5253C0F4B00ECD159 /* Sources */ = {
			isa = PBXSourcesBuildPhase;
			buildActionMask = 2147483647;
			files = (
				24EB39F525408BA400D4A8C5 /* WeatherServiceTestCase.swift in Sources */,
				24EB39D825400F6000D4A8C5 /* FakeResponseData.swift in Sources */,
				24EB39DC2540194B00D4A8C5 /* TranslateServiceTestCase.swift in Sources */,
				24EB39DA2540143700D4A8C5 /* URLSessionFake.swift in Sources */,
			);
			runOnlyForDeploymentPostprocessing = 0;
		};
/* End PBXSourcesBuildPhase section */

/* Begin PBXTargetDependency section */
		2452A9FB253C0F4B00ECD159 /* PBXTargetDependency */ = {
			isa = PBXTargetDependency;
			target = 2452A9E2253C0F4A00ECD159 /* LeBaluchon */;
			targetProxy = 2452A9FA253C0F4B00ECD159 /* PBXContainerItemProxy */;
		};
/* End PBXTargetDependency section */

/* Begin PBXVariantGroup section */
		2452A9EC253C0F4A00ECD159 /* Main.storyboard */ = {
			isa = PBXVariantGroup;
			children = (
				2452A9ED253C0F4A00ECD159 /* Base */,
			);
			name = Main.storyboard;
			sourceTree = "<group>";
		};
/* End PBXVariantGroup section */

/* Begin XCBuildConfiguration section */
		2452AA00253C0F4B00ECD159 /* Debug */ = {
			isa = XCBuildConfiguration;
			buildSettings = {
				ALWAYS_SEARCH_USER_PATHS = NO;
				CLANG_ANALYZER_NONNULL = YES;
				CLANG_ANALYZER_NUMBER_OBJECT_CONVERSION = YES_AGGRESSIVE;
				CLANG_CXX_LANGUAGE_STANDARD = "gnu++14";
				CLANG_CXX_LIBRARY = "libc++";
				CLANG_ENABLE_MODULES = YES;
				CLANG_ENABLE_OBJC_ARC = YES;
				CLANG_ENABLE_OBJC_WEAK = YES;
				CLANG_WARN_BLOCK_CAPTURE_AUTORELEASING = YES;
				CLANG_WARN_BOOL_CONVERSION = YES;
				CLANG_WARN_COMMA = YES;
				CLANG_WARN_CONSTANT_CONVERSION = YES;
				CLANG_WARN_DEPRECATED_OBJC_IMPLEMENTATIONS = YES;
				CLANG_WARN_DIRECT_OBJC_ISA_USAGE = YES_ERROR;
				CLANG_WARN_DOCUMENTATION_COMMENTS = YES;
				CLANG_WARN_EMPTY_BODY = YES;
				CLANG_WARN_ENUM_CONVERSION = YES;
				CLANG_WARN_INFINITE_RECURSION = YES;
				CLANG_WARN_INT_CONVERSION = YES;
				CLANG_WARN_NON_LITERAL_NULL_CONVERSION = YES;
				CLANG_WARN_OBJC_IMPLICIT_RETAIN_SELF = YES;
				CLANG_WARN_OBJC_LITERAL_CONVERSION = YES;
				CLANG_WARN_OBJC_ROOT_CLASS = YES_ERROR;
				CLANG_WARN_RANGE_LOOP_ANALYSIS = YES;
				CLANG_WARN_STRICT_PROTOTYPES = YES;
				CLANG_WARN_SUSPICIOUS_MOVE = YES;
				CLANG_WARN_UNGUARDED_AVAILABILITY = YES_AGGRESSIVE;
				CLANG_WARN_UNREACHABLE_CODE = YES;
				CLANG_WARN__DUPLICATE_METHOD_MATCH = YES;
				COPY_PHASE_STRIP = NO;
				DEBUG_INFORMATION_FORMAT = dwarf;
				ENABLE_STRICT_OBJC_MSGSEND = YES;
				ENABLE_TESTABILITY = YES;
				GCC_C_LANGUAGE_STANDARD = gnu11;
				GCC_DYNAMIC_NO_PIC = NO;
				GCC_NO_COMMON_BLOCKS = YES;
				GCC_OPTIMIZATION_LEVEL = 0;
				GCC_PREPROCESSOR_DEFINITIONS = (
					"DEBUG=1",
					"$(inherited)",
				);
				GCC_WARN_64_TO_32_BIT_CONVERSION = YES;
				GCC_WARN_ABOUT_RETURN_TYPE = YES_ERROR;
				GCC_WARN_UNDECLARED_SELECTOR = YES;
				GCC_WARN_UNINITIALIZED_AUTOS = YES_AGGRESSIVE;
				GCC_WARN_UNUSED_FUNCTION = YES;
				GCC_WARN_UNUSED_VARIABLE = YES;
				IPHONEOS_DEPLOYMENT_TARGET = 11.0;
				MTL_ENABLE_DEBUG_INFO = INCLUDE_SOURCE;
				MTL_FAST_MATH = YES;
				ONLY_ACTIVE_ARCH = YES;
				SDKROOT = iphoneos;
				SWIFT_ACTIVE_COMPILATION_CONDITIONS = DEBUG;
				SWIFT_OPTIMIZATION_LEVEL = "-Onone";
			};
			name = Debug;
		};
		2452AA01253C0F4B00ECD159 /* Release */ = {
			isa = XCBuildConfiguration;
			buildSettings = {
				ALWAYS_SEARCH_USER_PATHS = NO;
				CLANG_ANALYZER_NONNULL = YES;
				CLANG_ANALYZER_NUMBER_OBJECT_CONVERSION = YES_AGGRESSIVE;
				CLANG_CXX_LANGUAGE_STANDARD = "gnu++14";
				CLANG_CXX_LIBRARY = "libc++";
				CLANG_ENABLE_MODULES = YES;
				CLANG_ENABLE_OBJC_ARC = YES;
				CLANG_ENABLE_OBJC_WEAK = YES;
				CLANG_WARN_BLOCK_CAPTURE_AUTORELEASING = YES;
				CLANG_WARN_BOOL_CONVERSION = YES;
				CLANG_WARN_COMMA = YES;
				CLANG_WARN_CONSTANT_CONVERSION = YES;
				CLANG_WARN_DEPRECATED_OBJC_IMPLEMENTATIONS = YES;
				CLANG_WARN_DIRECT_OBJC_ISA_USAGE = YES_ERROR;
				CLANG_WARN_DOCUMENTATION_COMMENTS = YES;
				CLANG_WARN_EMPTY_BODY = YES;
				CLANG_WARN_ENUM_CONVERSION = YES;
				CLANG_WARN_INFINITE_RECURSION = YES;
				CLANG_WARN_INT_CONVERSION = YES;
				CLANG_WARN_NON_LITERAL_NULL_CONVERSION = YES;
				CLANG_WARN_OBJC_IMPLICIT_RETAIN_SELF = YES;
				CLANG_WARN_OBJC_LITERAL_CONVERSION = YES;
				CLANG_WARN_OBJC_ROOT_CLASS = YES_ERROR;
				CLANG_WARN_RANGE_LOOP_ANALYSIS = YES;
				CLANG_WARN_STRICT_PROTOTYPES = YES;
				CLANG_WARN_SUSPICIOUS_MOVE = YES;
				CLANG_WARN_UNGUARDED_AVAILABILITY = YES_AGGRESSIVE;
				CLANG_WARN_UNREACHABLE_CODE = YES;
				CLANG_WARN__DUPLICATE_METHOD_MATCH = YES;
				COPY_PHASE_STRIP = NO;
				DEBUG_INFORMATION_FORMAT = "dwarf-with-dsym";
				ENABLE_NS_ASSERTIONS = NO;
				ENABLE_STRICT_OBJC_MSGSEND = YES;
				GCC_C_LANGUAGE_STANDARD = gnu11;
				GCC_NO_COMMON_BLOCKS = YES;
				GCC_WARN_64_TO_32_BIT_CONVERSION = YES;
				GCC_WARN_ABOUT_RETURN_TYPE = YES_ERROR;
				GCC_WARN_UNDECLARED_SELECTOR = YES;
				GCC_WARN_UNINITIALIZED_AUTOS = YES_AGGRESSIVE;
				GCC_WARN_UNUSED_FUNCTION = YES;
				GCC_WARN_UNUSED_VARIABLE = YES;
				IPHONEOS_DEPLOYMENT_TARGET = 11.0;
				MTL_ENABLE_DEBUG_INFO = NO;
				MTL_FAST_MATH = YES;
				SDKROOT = iphoneos;
				SWIFT_COMPILATION_MODE = wholemodule;
				SWIFT_OPTIMIZATION_LEVEL = "-O";
				VALIDATE_PRODUCT = YES;
			};
			name = Release;
		};
		2452AA03253C0F4B00ECD159 /* Debug */ = {
			isa = XCBuildConfiguration;
			baseConfigurationReference = 27EC37823D677B069E0BC0C9 /* Pods-LeBaluchon.debug.xcconfig */;
			buildSettings = {
				ASSETCATALOG_COMPILER_APPICON_NAME = AppIcon;
				CODE_SIGN_STYLE = Automatic;
				INFOPLIST_FILE = LeBaluchon/Info.plist;
				IPHONEOS_DEPLOYMENT_TARGET = 11.0;
				LD_RUNPATH_SEARCH_PATHS = (
					"$(inherited)",
					"@executable_path/Frameworks",
				);
				PRODUCT_BUNDLE_IDENTIFIER = "fr.sajid.Le-Baluchon";
				PRODUCT_NAME = "$(TARGET_NAME)";
				SWIFT_VERSION = 5.0;
				TARGETED_DEVICE_FAMILY = 1;
			};
			name = Debug;
		};
		2452AA04253C0F4B00ECD159 /* Release */ = {
			isa = XCBuildConfiguration;
			baseConfigurationReference = 381B7494C8A93B366A928936 /* Pods-LeBaluchon.release.xcconfig */;
			buildSettings = {
				ASSETCATALOG_COMPILER_APPICON_NAME = AppIcon;
				CODE_SIGN_STYLE = Automatic;
				INFOPLIST_FILE = LeBaluchon/Info.plist;
				IPHONEOS_DEPLOYMENT_TARGET = 11.0;
				LD_RUNPATH_SEARCH_PATHS = (
					"$(inherited)",
					"@executable_path/Frameworks",
				);
				PRODUCT_BUNDLE_IDENTIFIER = "fr.sajid.Le-Baluchon";
				PRODUCT_NAME = "$(TARGET_NAME)";
				SWIFT_VERSION = 5.0;
				TARGETED_DEVICE_FAMILY = 1;
			};
			name = Release;
		};
		2452AA06253C0F4B00ECD159 /* Debug */ = {
			isa = XCBuildConfiguration;
			buildSettings = {
				ALWAYS_EMBED_SWIFT_STANDARD_LIBRARIES = YES;
				BUNDLE_LOADER = "$(TEST_HOST)";
				CLANG_ENABLE_MODULES = YES;
				CODE_SIGN_STYLE = Automatic;
				INFOPLIST_FILE = LeBaluchonTests/Info.plist;
				IPHONEOS_DEPLOYMENT_TARGET = 11.0;
				LD_RUNPATH_SEARCH_PATHS = (
					"$(inherited)",
					"@executable_path/Frameworks",
					"@loader_path/Frameworks",
				);
				PRODUCT_BUNDLE_IDENTIFIER = "fr.sajid.Le-BaluchonTests";
				PRODUCT_NAME = "$(TARGET_NAME)";
				SWIFT_OPTIMIZATION_LEVEL = "-Onone";
				SWIFT_VERSION = 5.0;
				TARGETED_DEVICE_FAMILY = "1,2";
				TEST_HOST = "$(BUILT_PRODUCTS_DIR)/LeBaluchon.app/LeBaluchon";
			};
			name = Debug;
		};
		2452AA07253C0F4B00ECD159 /* Release */ = {
			isa = XCBuildConfiguration;
			buildSettings = {
				ALWAYS_EMBED_SWIFT_STANDARD_LIBRARIES = YES;
				BUNDLE_LOADER = "$(TEST_HOST)";
				CLANG_ENABLE_MODULES = YES;
				CODE_SIGN_STYLE = Automatic;
				INFOPLIST_FILE = LeBaluchonTests/Info.plist;
				IPHONEOS_DEPLOYMENT_TARGET = 11.0;
				LD_RUNPATH_SEARCH_PATHS = (
					"$(inherited)",
					"@executable_path/Frameworks",
					"@loader_path/Frameworks",
				);
				PRODUCT_BUNDLE_IDENTIFIER = "fr.sajid.Le-BaluchonTests";
				PRODUCT_NAME = "$(TARGET_NAME)";
				SWIFT_VERSION = 5.0;
				TARGETED_DEVICE_FAMILY = "1,2";
				TEST_HOST = "$(BUILT_PRODUCTS_DIR)/LeBaluchon.app/LeBaluchon";
			};
			name = Release;
		};
/* End XCBuildConfiguration section */

/* Begin XCConfigurationList section */
		2452A9DE253C0F4A00ECD159 /* Build configuration list for PBXProject "LeBaluchon" */ = {
			isa = XCConfigurationList;
			buildConfigurations = (
				2452AA00253C0F4B00ECD159 /* Debug */,
				2452AA01253C0F4B00ECD159 /* Release */,
			);
			defaultConfigurationIsVisible = 0;
			defaultConfigurationName = Release;
		};
		2452AA02253C0F4B00ECD159 /* Build configuration list for PBXNativeTarget "LeBaluchon" */ = {
			isa = XCConfigurationList;
			buildConfigurations = (
				2452AA03253C0F4B00ECD159 /* Debug */,
				2452AA04253C0F4B00ECD159 /* Release */,
			);
			defaultConfigurationIsVisible = 0;
			defaultConfigurationName = Release;
		};
		2452AA05253C0F4B00ECD159 /* Build configuration list for PBXNativeTarget "LeBaluchonTests" */ = {
			isa = XCConfigurationList;
			buildConfigurations = (
				2452AA06253C0F4B00ECD159 /* Debug */,
				2452AA07253C0F4B00ECD159 /* Release */,
			);
			defaultConfigurationIsVisible = 0;
			defaultConfigurationName = Release;
		};
/* End XCConfigurationList section */
	};
	rootObject = 2452A9DB253C0F4A00ECD159 /* Project object */;
}
